
Microsoft Visual Studio Solution File, Format Version 11.00
# Visual Studio 2010
Project("{FAE04EC0-301F-11D3-BF4B-00C04F79EFBC}") = "Unity.2D.Tilemap.Extras", "Unity.2D.Tilemap.Extras.csproj", "{D1694253-E7C7-99D2-2FC3-495248B57A26}"
EndProject
Project("{FAE04EC0-301F-11D3-BF4B-00C04F79EFBC}") = "Assembly-CSharp", "Assembly-CSharp.csproj", "{DEEEE52B-D2D7-072A-9657-386AACFCBFFF}"
EndProject
Project("{FAE04EC0-301F-11D3-BF4B-00C04F79EFBC}") = "Unity.2D.Tilemap.Extras.Editor", "Unity.2D.Tilemap.Extras.Editor.csproj", "{520D7068-372A-4B53-6672-65693500B986}"
EndProject
Global
	GlobalSection(SolutionConfigurationPlatforms) = preSolution
		Debug|Any CPU = Debug|Any CPU
		Release|Any CPU = Release|Any CPU
	EndGlobalSection
	GlobalSection(ProjectConfigurationPlatforms) = postSolution
		{D1694253-E7C7-99D2-2FC3-495248B57A26}.Debug|Any CPU.ActiveCfg = Debug|Any CPU
		{D1694253-E7C7-99D2-2FC3-495248B57A26}.Debug|Any CPU.Build.0 = Debug|Any CPU
		{D1694253-E7C7-99D2-2FC3-495248B57A26}.Release|Any CPU.ActiveCfg = Release|Any CPU
		{D1694253-E7C7-99D2-2FC3-495248B57A26}.Release|Any CPU.Build.0 = Release|Any CPU
		{DEEEE52B-D2D7-072A-9657-386AACFCBFFF}.Debug|Any CPU.ActiveCfg = Debug|Any CPU
		{DEEEE52B-D2D7-072A-9657-386AACFCBFFF}.Debug|Any CPU.Build.0 = Debug|Any CPU
		{DEEEE52B-D2D7-072A-9657-386AACFCBFFF}.Release|Any CPU.ActiveCfg = Release|Any CPU
		{DEEEE52B-D2D7-072A-9657-386AACFCBFFF}.Release|Any CPU.Build.0 = Release|Any CPU
		{520D7068-372A-4B53-6672-65693500B986}.Debug|Any CPU.ActiveCfg = Debug|Any CPU
		{520D7068-372A-4B53-6672-65693500B986}.Debug|Any CPU.Build.0 = Debug|Any CPU
		{520D7068-372A-4B53-6672-65693500B986}.Release|Any CPU.ActiveCfg = Release|Any CPU
		{520D7068-372A-4B53-6672-65693500B986}.Release|Any CPU.Build.0 = Release|Any CPU
	EndGlobalSection
	GlobalSection(SolutionProperties) = preSolution
		HideSolutionNode = FALSE
	EndGlobalSection
EndGlobal
